
Microsoft Visual Studio Solution File, Format Version 12.00
# Visual Studio Version 16
VisualStudioVersion = 16.0.30114.105
MinimumVisualStudioVersion = 10.0.40219.1
Project("{2150E333-8FDC-42A3-9474-1A3956D46DE8}") = "tests", "tests", "{1775E94A-B49B-4E52-8305-089EA19370AF}"
EndProject
Project("{2150E333-8FDC-42A3-9474-1A3956D46DE8}") = "src", "src", "{1F685C12-98AC-4AFE-84CC-01FE8DC81735}"
EndProject
Project("{2150E333-8FDC-42A3-9474-1A3956D46DE8}") = "Solution Items", "Solution Items", "{39412158-6D0B-4385-B75C-F1DFF312FCBA}"
	ProjectSection(SolutionItems) = preProject
		.editorconfig = .editorconfig
		.gitattributes = .gitattributes
		.gitignore = .gitignore
		azure-pipelines.yaml = azure-pipelines.yaml
		Directory.build.props = Directory.build.props
		Nuget.config = Nuget.config
	EndProjectSection
EndProject
Project("{9A19103F-16F7-4668-BE54-9A1E7A4F7556}") = "Forms.UnitTests", "tests\Forms.UnitTests\Forms.UnitTests.csproj", "{56570F55-C623-4C28-9BE0-012092BB088D}"
EndProject
Project("{9A19103F-16F7-4668-BE54-9A1E7A4F7556}") = "Forms", "src\Forms.csproj", "{C708C912-0C8A-4509-AC18-114B195A87F9}"
EndProject
Project("{9A19103F-16F7-4668-BE54-9A1E7A4F7556}") = "_build", "build\_build.csproj", "{FC973B91-A56C-4F9A-806E-BBECB7205925}"
EndProject
Global
	GlobalSection(SolutionConfigurationPlatforms) = preSolution
		Debug|Any CPU = Debug|Any CPU
		Release|Any CPU = Release|Any CPU
	EndGlobalSection
	GlobalSection(ProjectConfigurationPlatforms) = postSolution
		{FC973B91-A56C-4F9A-806E-BBECB7205925}.Debug|Any CPU.ActiveCfg = Debug|Any CPU
		{FC973B91-A56C-4F9A-806E-BBECB7205925}.Release|Any CPU.ActiveCfg = Release|Any CPU
		{56570F55-C623-4C28-9BE0-012092BB088D}.Debug|Any CPU.ActiveCfg = Debug|Any CPU
		{56570F55-C623-4C28-9BE0-012092BB088D}.Debug|Any CPU.Build.0 = Debug|Any CPU
		{56570F55-C623-4C28-9BE0-012092BB088D}.Release|Any CPU.ActiveCfg = Release|Any CPU
		{56570F55-C623-4C28-9BE0-012092BB088D}.Release|Any CPU.Build.0 = Release|Any CPU
		{C708C912-0C8A-4509-AC18-114B195A87F9}.Debug|Any CPU.ActiveCfg = Debug|Any CPU
		{C708C912-0C8A-4509-AC18-114B195A87F9}.Debug|Any CPU.Build.0 = Debug|Any CPU
		{C708C912-0C8A-4509-AC18-114B195A87F9}.Release|Any CPU.ActiveCfg = Release|Any CPU
		{C708C912-0C8A-4509-AC18-114B195A87F9}.Release|Any CPU.Build.0 = Release|Any CPU
	EndGlobalSection
	GlobalSection(SolutionProperties) = preSolution
		HideSolutionNode = FALSE
	EndGlobalSection
	GlobalSection(NestedProjects) = preSolution
		{56570F55-C623-4C28-9BE0-012092BB088D} = {1775E94A-B49B-4E52-8305-089EA19370AF}
		{C708C912-0C8A-4509-AC18-114B195A87F9} = {1F685C12-98AC-4AFE-84CC-01FE8DC81735}
	EndGlobalSection
	GlobalSection(ExtensibilityGlobals) = postSolution
		SolutionGuid = {0A6241A4-8CF2-4C99-A277-5A592238BD8B}
	EndGlobalSection
EndGlobal
